
Microsoft Visual Studio Solution File, Format Version 12.00
# Visual Studio Version 16
VisualStudioVersion = 16.0.31105.61
MinimumVisualStudioVersion = 10.0.40219.1
Project("{FAE04EC0-301F-11D3-BF4B-00C04F79EFBC}") = "Wohnverwaltung", "Wohnverwaltung\Wohnverwaltung.csproj", "{7238DE2B-2125-4C60-8CFF-F7129225FF35}"
EndProject
Global
	GlobalSection(SolutionConfigurationPlatforms) = preSolution
		Debug|Any CPU = Debug|Any CPU
		Release|Any CPU = Release|Any CPU
	EndGlobalSection
	GlobalSection(ProjectConfigurationPlatforms) = postSolution
		{7238DE2B-2125-4C60-8CFF-F7129225FF35}.Debug|Any CPU.ActiveCfg = Debug|Any CPU
		{7238DE2B-2125-4C60-8CFF-F7129225FF35}.Debug|Any CPU.Build.0 = Debug|Any CPU
		{7238DE2B-2125-4C60-8CFF-F7129225FF35}.Release|Any CPU.ActiveCfg = Release|Any CPU
		{7238DE2B-2125-4C60-8CFF-F7129225FF35}.Release|Any CPU.Build.0 = Release|Any CPU
	EndGlobalSection
	GlobalSection(SolutionProperties) = preSolution
		HideSolutionNode = FALSE
	EndGlobalSection
	GlobalSection(ExtensibilityGlobals) = postSolution
		SolutionGuid = {10E13CF0-C227-4B7F-A30B-0C62BF12AB26}
	EndGlobalSection
EndGlobal
